
Microsoft Visual Studio Solution File, Format Version 12.00
# Visual Studio Version 17
VisualStudioVersion = 17.13.35828.75
MinimumVisualStudioVersion = 10.0.40219.1
Project("{FAE04EC0-301F-11D3-BF4B-00C04F79EFBC}") = "Shared", "Shared\Shared.csproj", "{A0490CF6-F1C0-45DF-A1FE-98DB8C57CB17}"
EndProject
Project("{2150E333-8FDC-42A3-9474-1A3956D46DE8}") = "Solution Items", "Solution Items", "{8EC462FD-D22E-90A8-E5CE-7E832BA40C5D}"
	ProjectSection(SolutionItems) = preProject
		.gitignore = .gitignore
	EndProjectSection
EndProject
Project("{FAE04EC0-301F-11D3-BF4B-00C04F79EFBC}") = "ProductService", "ProductService\ProductService.csproj", "{1825E266-6FC6-41B7-AA6A-86A7EBF6E8DC}"
EndProject
Project("{FAE04EC0-301F-11D3-BF4B-00C04F79EFBC}") = "OrderService", "OrderService\OrderService.csproj", "{40DECAC5-4D8D-47F0-BE71-739679AB6173}"
EndProject
Project("{FAE04EC0-301F-11D3-BF4B-00C04F79EFBC}") = "ApiGateway", "ApiGateway\ApiGateway.csproj", "{4AA6F824-F4EC-4D87-A491-3704460E7B90}"
EndProject
Project("{FAE04EC0-301F-11D3-BF4B-00C04F79EFBC}") = "Frontend", "Frontend\Frontend.csproj", "{BEBA7F0B-3A2D-49F1-AA3B-EDF2689D396C}"
EndProject
Global
	GlobalSection(SolutionConfigurationPlatforms) = preSolution
		Debug|Any CPU = Debug|Any CPU
		Release|Any CPU = Release|Any CPU
	EndGlobalSection
	GlobalSection(ProjectConfigurationPlatforms) = postSolution
		{A0490CF6-F1C0-45DF-A1FE-98DB8C57CB17}.Debug|Any CPU.ActiveCfg = Debug|Any CPU
		{A0490CF6-F1C0-45DF-A1FE-98DB8C57CB17}.Debug|Any CPU.Build.0 = Debug|Any CPU
		{A0490CF6-F1C0-45DF-A1FE-98DB8C57CB17}.Release|Any CPU.ActiveCfg = Release|Any CPU
		{A0490CF6-F1C0-45DF-A1FE-98DB8C57CB17}.Release|Any CPU.Build.0 = Release|Any CPU
		{1825E266-6FC6-41B7-AA6A-86A7EBF6E8DC}.Debug|Any CPU.ActiveCfg = Debug|Any CPU
		{1825E266-6FC6-41B7-AA6A-86A7EBF6E8DC}.Debug|Any CPU.Build.0 = Debug|Any CPU
		{1825E266-6FC6-41B7-AA6A-86A7EBF6E8DC}.Release|Any CPU.ActiveCfg = Release|Any CPU
		{1825E266-6FC6-41B7-AA6A-86A7EBF6E8DC}.Release|Any CPU.Build.0 = Release|Any CPU
		{40DECAC5-4D8D-47F0-BE71-739679AB6173}.Debug|Any CPU.ActiveCfg = Debug|Any CPU
		{40DECAC5-4D8D-47F0-BE71-739679AB6173}.Debug|Any CPU.Build.0 = Debug|Any CPU
		{40DECAC5-4D8D-47F0-BE71-739679AB6173}.Release|Any CPU.ActiveCfg = Release|Any CPU
		{40DECAC5-4D8D-47F0-BE71-739679AB6173}.Release|Any CPU.Build.0 = Release|Any CPU
		{4AA6F824-F4EC-4D87-A491-3704460E7B90}.Debug|Any CPU.ActiveCfg = Debug|Any CPU
		{4AA6F824-F4EC-4D87-A491-3704460E7B90}.Debug|Any CPU.Build.0 = Debug|Any CPU
		{4AA6F824-F4EC-4D87-A491-3704460E7B90}.Release|Any CPU.ActiveCfg = Release|Any CPU
		{4AA6F824-F4EC-4D87-A491-3704460E7B90}.Release|Any CPU.Build.0 = Release|Any CPU
		{BEBA7F0B-3A2D-49F1-AA3B-EDF2689D396C}.Debug|Any CPU.ActiveCfg = Debug|Any CPU
		{BEBA7F0B-3A2D-49F1-AA3B-EDF2689D396C}.Debug|Any CPU.Build.0 = Debug|Any CPU
		{BEBA7F0B-3A2D-49F1-AA3B-EDF2689D396C}.Release|Any CPU.ActiveCfg = Release|Any CPU
		{BEBA7F0B-3A2D-49F1-AA3B-EDF2689D396C}.Release|Any CPU.Build.0 = Release|Any CPU
	EndGlobalSection
	GlobalSection(SolutionProperties) = preSolution
		HideSolutionNode = FALSE
	EndGlobalSection
	GlobalSection(ExtensibilityGlobals) = postSolution
		SolutionGuid = {2AEB3074-6533-41B1-A7C9-34CBAC5B2AA7}
	EndGlobalSection
EndGlobal
